# THIS IS AN AUTOGENERATED FILE. DO NOT EDIT THIS FILE DIRECTLY.
# yarn lockfile v1


react-router-breadcrumbs-hoc@^4.1.0:
  version "4.1.0"
  resolved "https://registry.yarnpkg.com/react-router-breadcrumbs-hoc/-/react-router-breadcrumbs-hoc-4.1.0.tgz#d0c7628cd645c13c7b931ba5fb9a8481000a9c76"
  integrity sha512-HZn352JkMzi/1Mp9H6v78V9f7sjnWRf/dXeFVLDDbxEUK7QJCj1JUBJuEHC+B3tq1+uRCASNm3ofEOaG33tAKw==
